
Microsoft Visual Studio Solution File, Format Version 12.00
# Visual Studio Version 17
VisualStudioVersion = 17.13.35806.99
MinimumVisualStudioVersion = 10.0.40219.1
Project("{FAE04EC0-301F-11D3-BF4B-00C04F79EFBC}") = "Statesman.BillParser.API", "Statesman.BillParser.API\Statesman.BillParser.API.csproj", "{85B62A60-C0E1-469C-8B50-FAADC0224758}"
EndProject
Project("{FAE04EC0-301F-11D3-BF4B-00C04F79EFBC}") = "Statesman.BillParser.Client", "Statesman.BillParser.Client\Statesman.BillParser.Client.csproj", "{156B8E4E-4552-4782-842D-B60B8C1427AE}"
EndProject
Project("{FAE04EC0-301F-11D3-BF4B-00C04F79EFBC}") = "Statesman.BillParser.Shared", "Statesman.BillParser.Shared\Statesman.BillParser.Shared.csproj", "{82FF2578-E893-45C8-802F-9D71C27C51A8}"
EndProject
Global
	GlobalSection(SolutionConfigurationPlatforms) = preSolution
		Debug|Any CPU = Debug|Any CPU
		Release|Any CPU = Release|Any CPU
	EndGlobalSection
	GlobalSection(ProjectConfigurationPlatforms) = postSolution
		{85B62A60-C0E1-469C-8B50-FAADC0224758}.Debug|Any CPU.ActiveCfg = Debug|Any CPU
		{85B62A60-C0E1-469C-8B50-FAADC0224758}.Debug|Any CPU.Build.0 = Debug|Any CPU
		{85B62A60-C0E1-469C-8B50-FAADC0224758}.Release|Any CPU.ActiveCfg = Release|Any CPU
		{85B62A60-C0E1-469C-8B50-FAADC0224758}.Release|Any CPU.Build.0 = Release|Any CPU
		{156B8E4E-4552-4782-842D-B60B8C1427AE}.Debug|Any CPU.ActiveCfg = Debug|Any CPU
		{156B8E4E-4552-4782-842D-B60B8C1427AE}.Debug|Any CPU.Build.0 = Debug|Any CPU
		{156B8E4E-4552-4782-842D-B60B8C1427AE}.Release|Any CPU.ActiveCfg = Release|Any CPU
		{156B8E4E-4552-4782-842D-B60B8C1427AE}.Release|Any CPU.Build.0 = Release|Any CPU
		{82FF2578-E893-45C8-802F-9D71C27C51A8}.Debug|Any CPU.ActiveCfg = Debug|Any CPU
		{82FF2578-E893-45C8-802F-9D71C27C51A8}.Debug|Any CPU.Build.0 = Debug|Any CPU
		{82FF2578-E893-45C8-802F-9D71C27C51A8}.Release|Any CPU.ActiveCfg = Release|Any CPU
		{82FF2578-E893-45C8-802F-9D71C27C51A8}.Release|Any CPU.Build.0 = Release|Any CPU
	EndGlobalSection
	GlobalSection(SolutionProperties) = preSolution
		HideSolutionNode = FALSE
	EndGlobalSection
	GlobalSection(ExtensibilityGlobals) = postSolution
		SolutionGuid = {B46E2F5B-7BF5-4382-86B1-6E1278CABDC6}
	EndGlobalSection
EndGlobal
